PODS:
  - DimoLogo (0.4.0):
    - DimoLogo/Core (= 0.4.0)
  - DimoLogo/Core (0.4.0)
  - DimoLogo/HUD (0.4.0):
    - DimoLogo/Core
    - MBProgressHUD (~> 1.2)
  - MBProgressHUD (1.2.0)

DEPENDENCIES:
  - DimoLogo (from `../`)
  - DimoLogo/HUD (from `../`)

SPEC REPOS:
  trunk:
    - MBProgressHUD

EXTERNAL SOURCES:
  DimoLogo:
    :path: "../"

SPEC CHECKSUMS:
  DimoLogo: 9b4f72396c73fe8e50ac8d159ad1e52c66b86314
  MBProgressHUD: 3ee5efcc380f6a79a7cc9b363dd669c5e1ae7406

PODFILE CHECKSUM: af7a27608c9d6ea80b5c944add372776de301e76

COCOAPODS: 1.10.1
